// !$*UTF8*$!
{
	archiveVersion = 1;
	classes = {
	};
	objectVersion = 46;
	objects = {

/* Begin PBXBuildFile section */
		2711AE3D1BDB2AFB000C47B2 /* CollectionViewLayout.swift in Sources */ = {isa = PBXBuildFile; fileRef = 2711AE3C1BDB2AFB000C47B2 /* CollectionViewLayout.swift */; };
		2711AE3E1BDB2AFB000C47B2 /* CollectionViewLayout.swift in Sources */ = {isa = PBXBuildFile; fileRef = 2711AE3C1BDB2AFB000C47B2 /* CollectionViewLayout.swift */; };
		27197E181BC239DC00525F33 /* UIImage+animatedGIF.m in Sources */ = {isa = PBXBuildFile; fileRef = 27197E171BC239DC00525F33 /* UIImage+animatedGIF.m */; };
		2719DA291BCC7B6A00BD02AD /* HomeViewModel.swift in Sources */ = {isa = PBXBuildFile; fileRef = 2719DA281BCC7B6A00BD02AD /* HomeViewModel.swift */; };
		2719DA2A1BCC7B6A00BD02AD /* HomeViewModel.swift in Sources */ = {isa = PBXBuildFile; fileRef = 2719DA281BCC7B6A00BD02AD /* HomeViewModel.swift */; };
		2719DA2C1BCC7F3A00BD02AD /* TagService.swift in Sources */ = {isa = PBXBuildFile; fileRef = 2719DA2B1BCC7F3A00BD02AD /* TagService.swift */; };
		2719DA2D1BCC7F3A00BD02AD /* TagService.swift in Sources */ = {isa = PBXBuildFile; fileRef = 2719DA2B1BCC7F3A00BD02AD /* TagService.swift */; };
		2719DA301BCC848500BD02AD /* UIKitExtensions.swift in Sources */ = {isa = PBXBuildFile; fileRef = 2719DA2F1BCC848500BD02AD /* UIKitExtensions.swift */; };
		2719DA311BCC848500BD02AD /* UIKitExtensions.swift in Sources */ = {isa = PBXBuildFile; fileRef = 2719DA2F1BCC848500BD02AD /* UIKitExtensions.swift */; };
		273410FF1BC8515400674FC7 /* ReactiveCocoa.framework in Frameworks */ = {isa = PBXBuildFile; fileRef = 272957FD1BC843A500D5BFC6 /* ReactiveCocoa.framework */; };
		273411011BC8515400674FC7 /* Result.framework in Frameworks */ = {isa = PBXBuildFile; fileRef = 273411001BC8515400674FC7 /* Result.framework */; };
		273994131BE54FEF00E4399C /* GifTest.swift in Sources */ = {isa = PBXBuildFile; fileRef = 273994121BE54FEF00E4399C /* GifTest.swift */; };
		273994151BE54FFC00E4399C /* TagTest.swift in Sources */ = {isa = PBXBuildFile; fileRef = 273994141BE54FFC00E4399C /* TagTest.swift */; };
		273994181BE550E700E4399C /* gifs.json in Resources */ = {isa = PBXBuildFile; fileRef = 273994171BE550E700E4399C /* gifs.json */; };
		2739941B1BE5521300E4399C /* TestingHelper.swift in Sources */ = {isa = PBXBuildFile; fileRef = 2739941A1BE5521300E4399C /* TestingHelper.swift */; };
		2739941D1BE553B900E4399C /* Pods_Hammer.framework in Frameworks */ = {isa = PBXBuildFile; fileRef = 2739941C1BE553B900E4399C /* Pods_Hammer.framework */; };
		2739941E1BE553C800E4399C /* ReactiveCocoa.framework in Frameworks */ = {isa = PBXBuildFile; fileRef = 272957FD1BC843A500D5BFC6 /* ReactiveCocoa.framework */; };
		2739941F1BE553C800E4399C /* Result.framework in Frameworks */ = {isa = PBXBuildFile; fileRef = 273411001BC8515400674FC7 /* Result.framework */; };
		273994201BE554C600E4399C /* Gif.swift in Sources */ = {isa = PBXBuildFile; fileRef = 27C75CAD1BC21CC0008AC322 /* Gif.swift */; };
		273994241BE5550D00E4399C /* DisplayViewController.swift in Sources */ = {isa = PBXBuildFile; fileRef = 27C75CAF1BC22E1B008AC322 /* DisplayViewController.swift */; };
		273994261BE555C600E4399C /* UIKit.framework in Frameworks */ = {isa = PBXBuildFile; fileRef = 273994251BE555C600E4399C /* UIKit.framework */; };
		273994281BE5560900E4399C /* Foundation.framework in Frameworks */ = {isa = PBXBuildFile; fileRef = 273994271BE5560900E4399C /* Foundation.framework */; };
		273E6CED1BE57A1F00FF55D5 /* tags.json in Resources */ = {isa = PBXBuildFile; fileRef = 273E6CEC1BE57A1F00FF55D5 /* tags.json */; };
		274C1EA41BE5DCFA007B1D8A /* AppFont.swift in Sources */ = {isa = PBXBuildFile; fileRef = 274C1EA31BE5DCFA007B1D8A /* AppFont.swift */; };
		274C1EA51BE5DCFA007B1D8A /* AppFont.swift in Sources */ = {isa = PBXBuildFile; fileRef = 274C1EA31BE5DCFA007B1D8A /* AppFont.swift */; };
		276C7FB31BC204EE0028DC0D /* AppDelegate.swift in Sources */ = {isa = PBXBuildFile; fileRef = 276C7FB21BC204EE0028DC0D /* AppDelegate.swift */; };
		276C7FB81BC204EE0028DC0D /* Main.storyboard in Resources */ = {isa = PBXBuildFile; fileRef = 276C7FB61BC204EE0028DC0D /* Main.storyboard */; };
		276C7FBD1BC204EE0028DC0D /* Assets.xcassets in Resources */ = {isa = PBXBuildFile; fileRef = 276C7FBC1BC204EE0028DC0D /* Assets.xcassets */; };
		276C7FC01BC204EE0028DC0D /* LaunchScreen.storyboard in Resources */ = {isa = PBXBuildFile; fileRef = 276C7FBE1BC204EE0028DC0D /* LaunchScreen.storyboard */; };
		276C7FD61BC204EF0028DC0D /* HammerUITests.swift in Sources */ = {isa = PBXBuildFile; fileRef = 276C7FD51BC204EF0028DC0D /* HammerUITests.swift */; };
		276C7FF91BC2097A0028DC0D /* HomeViewController.swift in Sources */ = {isa = PBXBuildFile; fileRef = 276C7FF81BC2097A0028DC0D /* HomeViewController.swift */; };
		276C7FFA1BC2097A0028DC0D /* HomeViewController.swift in Sources */ = {isa = PBXBuildFile; fileRef = 276C7FF81BC2097A0028DC0D /* HomeViewController.swift */; };
		276C7FFE1BC2116F0028DC0D /* ImageCell.swift in Sources */ = {isa = PBXBuildFile; fileRef = 276C7FFD1BC2116F0028DC0D /* ImageCell.swift */; };
		276C7FFF1BC2116F0028DC0D /* ImageCell.swift in Sources */ = {isa = PBXBuildFile; fileRef = 276C7FFD1BC2116F0028DC0D /* ImageCell.swift */; };
		2783332A1BDBE1FA00F4786E /* DisplayViewModel.swift in Sources */ = {isa = PBXBuildFile; fileRef = 278333291BDBE1FA00F4786E /* DisplayViewModel.swift */; };
		2783332B1BDBE1FA00F4786E /* DisplayViewModel.swift in Sources */ = {isa = PBXBuildFile; fileRef = 278333291BDBE1FA00F4786E /* DisplayViewModel.swift */; };
		278983BF1BC6234C004C1FAA /* Tag.swift in Sources */ = {isa = PBXBuildFile; fileRef = 278983BE1BC6234C004C1FAA /* Tag.swift */; };
		278983C01BC6234C004C1FAA /* Tag.swift in Sources */ = {isa = PBXBuildFile; fileRef = 278983BE1BC6234C004C1FAA /* Tag.swift */; };
		278CA0171BCDA9CE000904D7 /* GifService.swift in Sources */ = {isa = PBXBuildFile; fileRef = 278CA0161BCDA9CE000904D7 /* GifService.swift */; };
		278CA0181BCDA9CE000904D7 /* GifService.swift in Sources */ = {isa = PBXBuildFile; fileRef = 278CA0161BCDA9CE000904D7 /* GifService.swift */; };
		278CA01E1BCDB09E000904D7 /* ServiceConfig.swift in Sources */ = {isa = PBXBuildFile; fileRef = 278CA01D1BCDB09E000904D7 /* ServiceConfig.swift */; };
		278CA01F1BCDB09E000904D7 /* ServiceConfig.swift in Sources */ = {isa = PBXBuildFile; fileRef = 278CA01D1BCDB09E000904D7 /* ServiceConfig.swift */; };
		27BAA1A91BCCC97900EAE554 /* RAC.swift in Sources */ = {isa = PBXBuildFile; fileRef = 27BAA1A81BCCC97900EAE554 /* RAC.swift */; };
		27BAA1AA1BCCC97900EAE554 /* RAC.swift in Sources */ = {isa = PBXBuildFile; fileRef = 27BAA1A81BCCC97900EAE554 /* RAC.swift */; };
		27C75CAE1BC21CC0008AC322 /* Gif.swift in Sources */ = {isa = PBXBuildFile; fileRef = 27C75CAD1BC21CC0008AC322 /* Gif.swift */; };
		27C75CB01BC22E1B008AC322 /* DisplayViewController.swift in Sources */ = {isa = PBXBuildFile; fileRef = 27C75CAF1BC22E1B008AC322 /* DisplayViewController.swift */; };
		27D16A441BDC1A55000B75B2 /* LoadingAnimation.swift in Sources */ = {isa = PBXBuildFile; fileRef = 27D16A431BDC1A55000B75B2 /* LoadingAnimation.swift */; };
		27D16A451BDC1A55000B75B2 /* LoadingAnimation.swift in Sources */ = {isa = PBXBuildFile; fileRef = 27D16A431BDC1A55000B75B2 /* LoadingAnimation.swift */; };
		C8B8CBB3436E409112AB700A /* Pods_Hammer.framework in Frameworks */ = {isa = PBXBuildFile; fileRef = F588B3F15172A45489803A8E /* Pods_Hammer.framework */; };
/* End PBXBuildFile section */

/* Begin PBXContainerItemProxy section */
		276C7FC71BC204EE0028DC0D /* PBXContainerItemProxy */ = {
			isa = PBXContainerItemProxy;
			containerPortal = 276C7FA71BC204EE0028DC0D /* Project object */;
			proxyType = 1;
			remoteGlobalIDString = 276C7FAE1BC204EE0028DC0D;
			remoteInfo = Hammer;
		};
		276C7FD21BC204EF0028DC0D /* PBXContainerItemProxy */ = {
			isa = PBXContainerItemProxy;
			containerPortal = 276C7FA71BC204EE0028DC0D /* Project object */;
			proxyType = 1;
			remoteGlobalIDString = 276C7FAE1BC204EE0028DC0D;
			remoteInfo = Hammer;
		};
/* End PBXContainerItemProxy section */

/* Begin PBXCopyFilesBuildPhase section */
		2719DA321BCC9CF100BD02AD /* CopyFiles */ = {
			isa = PBXCopyFilesBuildPhase;
			buildActionMask = 2147483647;
			dstPath = "";
			dstSubfolderSpec = 16;
			files = (
			);
			runOnlyForDeploymentPostprocessing = 0;
		};
/* End PBXCopyFilesBuildPhase section */

/* Begin PBXFileReference section */
		2711AE3C1BDB2AFB000C47B2 /* CollectionViewLayout.swift */ = {isa = PBXFileReference; fileEncoding = 4; lastKnownFileType = sourcecode.swift; path = CollectionViewLayout.swift; sourceTree = "<group>"; };
		27197E151BC239DC00525F33 /* Hammer-Bridging-Header.h */ = {isa = PBXFileReference; lastKnownFileType = sourcecode.c.h; path = "Hammer-Bridging-Header.h"; sourceTree = "<group>"; };
		27197E161BC239DC00525F33 /* UIImage+animatedGIF.h */ = {isa = PBXFileReference; fileEncoding = 4; lastKnownFileType = sourcecode.c.h; path = "UIImage+animatedGIF.h"; sourceTree = "<group>"; };
		27197E171BC239DC00525F33 /* UIImage+animatedGIF.m */ = {isa = PBXFileReference; fileEncoding = 4; lastKnownFileType = sourcecode.c.objc; path = "UIImage+animatedGIF.m"; sourceTree = "<group>"; };
		2719DA281BCC7B6A00BD02AD /* HomeViewModel.swift */ = {isa = PBXFileReference; fileEncoding = 4; lastKnownFileType = sourcecode.swift; path = HomeViewModel.swift; sourceTree = "<group>"; };
		2719DA2B1BCC7F3A00BD02AD /* TagService.swift */ = {isa = PBXFileReference; fileEncoding = 4; lastKnownFileType = sourcecode.swift; path = TagService.swift; sourceTree = "<group>"; };
		2719DA2F1BCC848500BD02AD /* UIKitExtensions.swift */ = {isa = PBXFileReference; fileEncoding = 4; lastKnownFileType = sourcecode.swift; path = UIKitExtensions.swift; sourceTree = "<group>"; };
		2719DA331BCC9D2200BD02AD /* ReactiveCocoa.framework.dSYM */ = {isa = PBXFileReference; lastKnownFileType = wrapper.dsym; name = ReactiveCocoa.framework.dSYM; path = ../Carthage/Build/iOS/ReactiveCocoa.framework.dSYM; sourceTree = "<group>"; };
		2719DA351BCC9D2800BD02AD /* Result.framework.dSYM */ = {isa = PBXFileReference; lastKnownFileType = wrapper.dsym; name = Result.framework.dSYM; path = ../Carthage/Build/iOS/Result.framework.dSYM; sourceTree = "<group>"; };
		272957FD1BC843A500D5BFC6 /* ReactiveCocoa.framework */ = {isa = PBXFileReference; lastKnownFileType = wrapper.framework; name = ReactiveCocoa.framework; path = Carthage/Build/iOS/ReactiveCocoa.framework; sourceTree = "<group>"; };
		272958011BC846C000D5BFC6 /* Box.framework */ = {isa = PBXFileReference; lastKnownFileType = wrapper.framework; name = Box.framework; path = Carthage/Build/iOS/Box.framework; sourceTree = "<group>"; };
		273411001BC8515400674FC7 /* Result.framework */ = {isa = PBXFileReference; lastKnownFileType = wrapper.framework; name = Result.framework; path = Carthage/Build/iOS/Result.framework; sourceTree = "<group>"; };
		273994121BE54FEF00E4399C /* GifTest.swift */ = {isa = PBXFileReference; fileEncoding = 4; lastKnownFileType = sourcecode.swift; path = GifTest.swift; sourceTree = "<group>"; };
		273994141BE54FFC00E4399C /* TagTest.swift */ = {isa = PBXFileReference; fileEncoding = 4; lastKnownFileType = sourcecode.swift; path = TagTest.swift; sourceTree = "<group>"; };
		273994171BE550E700E4399C /* gifs.json */ = {isa = PBXFileReference; fileEncoding = 4; lastKnownFileType = text.json; path = gifs.json; sourceTree = "<group>"; };
		2739941A1BE5521300E4399C /* TestingHelper.swift */ = {isa = PBXFileReference; fileEncoding = 4; lastKnownFileType = sourcecode.swift; path = TestingHelper.swift; sourceTree = "<group>"; };
		2739941C1BE553B900E4399C /* Pods_Hammer.framework */ = {isa = PBXFileReference; lastKnownFileType = wrapper.framework; name = Pods_Hammer.framework; path = "Pods/../build/Debug-iphoneos/Pods_Hammer.framework"; sourceTree = "<group>"; };
		273994251BE555C600E4399C /* UIKit.framework */ = {isa = PBXFileReference; lastKnownFileType = wrapper.framework; name = UIKit.framework; path = System/Library/Frameworks/UIKit.framework; sourceTree = SDKROOT; };
		273994271BE5560900E4399C /* Foundation.framework */ = {isa = PBXFileReference; lastKnownFileType = wrapper.framework; name = Foundation.framework; path = System/Library/Frameworks/Foundation.framework; sourceTree = SDKROOT; };
		273E6CEC1BE57A1F00FF55D5 /* tags.json */ = {isa = PBXFileReference; fileEncoding = 4; lastKnownFileType = text.json; path = tags.json; sourceTree = "<group>"; };
		274C1EA31BE5DCFA007B1D8A /* AppFont.swift */ = {isa = PBXFileReference; fileEncoding = 4; lastKnownFileType = sourcecode.swift; path = AppFont.swift; sourceTree = "<group>"; };
		276C7FAF1BC204EE0028DC0D /* Hammer.app */ = {isa = PBXFileReference; explicitFileType = wrapper.application; includeInIndex = 0; path = Hammer.app; sourceTree = BUILT_PRODUCTS_DIR; };
		276C7FB21BC204EE0028DC0D /* AppDelegate.swift */ = {isa = PBXFileReference; lastKnownFileType = sourcecode.swift; path = AppDelegate.swift; sourceTree = "<group>"; };
		276C7FB71BC204EE0028DC0D /* Base */ = {isa = PBXFileReference; lastKnownFileType = file.storyboard; name = Base; path = Base.lproj/Main.storyboard; sourceTree = "<group>"; };
		276C7FBC1BC204EE0028DC0D /* Assets.xcassets */ = {isa = PBXFileReference; lastKnownFileType = folder.assetcatalog; path = Assets.xcassets; sourceTree = "<group>"; };
		276C7FBF1BC204EE0028DC0D /* Base */ = {isa = PBXFileReference; lastKnownFileType = file.storyboard; name = Base; path = Base.lproj/LaunchScreen.storyboard; sourceTree = "<group>"; };
		276C7FC11BC204EE0028DC0D /* Info.plist */ = {isa = PBXFileReference; lastKnownFileType = text.plist.xml; path = Info.plist; sourceTree = "<group>"; };
		276C7FC61BC204EE0028DC0D /* HammerTests.xctest */ = {isa = PBXFileReference; explicitFileType = wrapper.cfbundle; includeInIndex = 0; path = HammerTests.xctest; sourceTree = BUILT_PRODUCTS_DIR; };
		276C7FCC1BC204EE0028DC0D /* Info.plist */ = {isa = PBXFileReference; lastKnownFileType = text.plist.xml; path = Info.plist; sourceTree = "<group>"; };
		276C7FD11BC204EF0028DC0D /* HammerUITests.xctest */ = {isa = PBXFileReference; explicitFileType = wrapper.cfbundle; includeInIndex = 0; path = HammerUITests.xctest; sourceTree = BUILT_PRODUCTS_DIR; };
		276C7FD51BC204EF0028DC0D /* HammerUITests.swift */ = {isa = PBXFileReference; lastKnownFileType = sourcecode.swift; path = HammerUITests.swift; sourceTree = "<group>"; };
		276C7FD71BC204EF0028DC0D /* Info.plist */ = {isa = PBXFileReference; lastKnownFileType = text.plist.xml; path = Info.plist; sourceTree = "<group>"; };
		276C7FF81BC2097A0028DC0D /* HomeViewController.swift */ = {isa = PBXFileReference; fileEncoding = 4; lastKnownFileType = sourcecode.swift; path = HomeViewController.swift; sourceTree = "<group>"; };
		276C7FFD1BC2116F0028DC0D /* ImageCell.swift */ = {isa = PBXFileReference; fileEncoding = 4; lastKnownFileType = sourcecode.swift; path = ImageCell.swift; sourceTree = "<group>"; };
		278333291BDBE1FA00F4786E /* DisplayViewModel.swift */ = {isa = PBXFileReference; fileEncoding = 4; lastKnownFileType = sourcecode.swift; path = DisplayViewModel.swift; sourceTree = "<group>"; };
		278983BE1BC6234C004C1FAA /* Tag.swift */ = {isa = PBXFileReference; fileEncoding = 4; lastKnownFileType = sourcecode.swift; path = Tag.swift; sourceTree = "<group>"; };
		278CA0161BCDA9CE000904D7 /* GifService.swift */ = {isa = PBXFileReference; fileEncoding = 4; lastKnownFileType = sourcecode.swift; path = GifService.swift; sourceTree = "<group>"; };
		278CA01D1BCDB09E000904D7 /* ServiceConfig.swift */ = {isa = PBXFileReference; fileEncoding = 4; lastKnownFileType = sourcecode.swift; path = ServiceConfig.swift; sourceTree = "<group>"; };
		27BAA1A81BCCC97900EAE554 /* RAC.swift */ = {isa = PBXFileReference; fileEncoding = 4; lastKnownFileType = sourcecode.swift; path = RAC.swift; sourceTree = "<group>"; };
		27C75CAD1BC21CC0008AC322 /* Gif.swift */ = {isa = PBXFileReference; fileEncoding = 4; lastKnownFileType = sourcecode.swift; path = Gif.swift; sourceTree = "<group>"; };
		27C75CAF1BC22E1B008AC322 /* DisplayViewController.swift */ = {isa = PBXFileReference; fileEncoding = 4; lastKnownFileType = sourcecode.swift; path = DisplayViewController.swift; sourceTree = "<group>"; };
		27D16A431BDC1A55000B75B2 /* LoadingAnimation.swift */ = {isa = PBXFileReference; fileEncoding = 4; lastKnownFileType = sourcecode.swift; path = LoadingAnimation.swift; sourceTree = "<group>"; };
		57E0D0BB6577F1CE7A1D237C /* Pods-Hammer.debug.xcconfig */ = {isa = PBXFileReference; includeInIndex = 1; lastKnownFileType = text.xcconfig; name = "Pods-Hammer.debug.xcconfig"; path = "Pods/Target Support Files/Pods-Hammer/Pods-Hammer.debug.xcconfig"; sourceTree = "<group>"; };
		59DC8D6AF48616A7006723F2 /* Pods-Hammer.release.xcconfig */ = {isa = PBXFileReference; includeInIndex = 1; lastKnownFileType = text.xcconfig; name = "Pods-Hammer.release.xcconfig"; path = "Pods/Target Support Files/Pods-Hammer/Pods-Hammer.release.xcconfig"; sourceTree = "<group>"; };
		908BDBAEAF2106D88927E9A6 /* Pods.framework */ = {isa = PBXFileReference; explicitFileType = wrapper.framework; includeInIndex = 0; path = Pods.framework; sourceTree = BUILT_PRODUCTS_DIR; };
		F588B3F15172A45489803A8E /* Pods_Hammer.framework */ = {isa = PBXFileReference; explicitFileType = wrapper.framework; includeInIndex = 0; path = Pods_Hammer.framework; sourceTree = BUILT_PRODUCTS_DIR; };
/* End PBXFileReference section */

/* Begin PBXFrameworksBuildPhase section */
		276C7FAC1BC204EE0028DC0D /* Frameworks */ = {
			isa = PBXFrameworksBuildPhase;
			buildActionMask = 2147483647;
			files = (
				273411011BC8515400674FC7 /* Result.framework in Frameworks */,
				273410FF1BC8515400674FC7 /* ReactiveCocoa.framework in Frameworks */,
				C8B8CBB3436E409112AB700A /* Pods_Hammer.framework in Frameworks */,
			);
			runOnlyForDeploymentPostprocessing = 0;
		};
		276C7FC31BC204EE0028DC0D /* Frameworks */ = {
			isa = PBXFrameworksBuildPhase;
			buildActionMask = 2147483647;
			files = (
				273994281BE5560900E4399C /* Foundation.framework in Frameworks */,
				273994261BE555C600E4399C /* UIKit.framework in Frameworks */,
				2739941E1BE553C800E4399C /* ReactiveCocoa.framework in Frameworks */,
				2739941F1BE553C800E4399C /* Result.framework in Frameworks */,
				2739941D1BE553B900E4399C /* Pods_Hammer.framework in Frameworks */,
			);
			runOnlyForDeploymentPostprocessing = 0;
		};
		276C7FCE1BC204EF0028DC0D /* Frameworks */ = {
			isa = PBXFrameworksBuildPhase;
			buildActionMask = 2147483647;
			files = (
			);
			runOnlyForDeploymentPostprocessing = 0;
		};
/* End PBXFrameworksBuildPhase section */

/* Begin PBXGroup section */
		27197E131BC239B500525F33 /* Objective-C */ = {
			isa = PBXGroup;
			children = (
				27197E161BC239DC00525F33 /* UIImage+animatedGIF.h */,
				27197E171BC239DC00525F33 /* UIImage+animatedGIF.m */,
				27197E151BC239DC00525F33 /* Hammer-Bridging-Header.h */,
			);
			path = "Objective-C";
			sourceTree = "<group>";
		};
		2719DA2E1BCC847100BD02AD /* Utils */ = {
			isa = PBXGroup;
			children = (
				2719DA2F1BCC848500BD02AD /* UIKitExtensions.swift */,
				27BAA1A81BCCC97900EAE554 /* RAC.swift */,
				27D16A431BDC1A55000B75B2 /* LoadingAnimation.swift */,
				274C1EA31BE5DCFA007B1D8A /* AppFont.swift */,
			);
			path = Utils;
			sourceTree = "<group>";
		};
		2719DA371BCC9D3200BD02AD /* Frameworks */ = {
			isa = PBXGroup;
			children = (
				2719DA351BCC9D2800BD02AD /* Result.framework.dSYM */,
				2719DA331BCC9D2200BD02AD /* ReactiveCocoa.framework.dSYM */,
			);
			name = Frameworks;
			sourceTree = "<group>";
		};
		273994101BE54FC800E4399C /* Models */ = {
			isa = PBXGroup;
			children = (
				273994121BE54FEF00E4399C /* GifTest.swift */,
				273994141BE54FFC00E4399C /* TagTest.swift */,
			);
			path = Models;
			sourceTree = "<group>";
		};
		273994111BE54FC800E4399C /* ViewModels */ = {
			isa = PBXGroup;
			children = (
			);
			path = ViewModels;
			sourceTree = "<group>";
		};
		273994161BE550D400E4399C /* Resources */ = {
			isa = PBXGroup;
			children = (
				273994171BE550E700E4399C /* gifs.json */,
				273E6CEC1BE57A1F00FF55D5 /* tags.json */,
			);
			path = Resources;
			sourceTree = "<group>";
		};
		273994191BE551FF00E4399C /* Helpers */ = {
			isa = PBXGroup;
			children = (
				2739941A1BE5521300E4399C /* TestingHelper.swift */,
			);
			path = Helpers;
			sourceTree = "<group>";
		};
		276C7FA61BC204EE0028DC0D = {
			isa = PBXGroup;
			children = (
				276C7FB11BC204EE0028DC0D /* Hammer */,
				276C7FC91BC204EE0028DC0D /* HammerTests */,
				276C7FD41BC204EF0028DC0D /* HammerUITests */,
				276C7FB01BC204EE0028DC0D /* Products */,
				FC9272D4C02643D90CB707C2 /* Pods */,
				71F7D88780EDD987612499BA /* Frameworks */,
			);
			sourceTree = "<group>";
		};
		276C7FB01BC204EE0028DC0D /* Products */ = {
			isa = PBXGroup;
			children = (
				276C7FAF1BC204EE0028DC0D /* Hammer.app */,
				276C7FC61BC204EE0028DC0D /* HammerTests.xctest */,
				276C7FD11BC204EF0028DC0D /* HammerUITests.xctest */,
			);
			name = Products;
			sourceTree = "<group>";
		};
		276C7FB11BC204EE0028DC0D /* Hammer */ = {
			isa = PBXGroup;
			children = (
				278CA0191BCDAA87000904D7 /* Application */,
				276C7FBC1BC204EE0028DC0D /* Assets.xcassets */,
				276C7FF11BC2092E0028DC0D /* Classes */,
				2719DA371BCC9D3200BD02AD /* Frameworks */,
				276C7FC11BC204EE0028DC0D /* Info.plist */,
				276C7FBE1BC204EE0028DC0D /* LaunchScreen.storyboard */,
				276C7FB61BC204EE0028DC0D /* Main.storyboard */,
			);
			path = Hammer;
			sourceTree = "<group>";
		};
		276C7FC91BC204EE0028DC0D /* HammerTests */ = {
			isa = PBXGroup;
			children = (
				273994191BE551FF00E4399C /* Helpers */,
				273994161BE550D400E4399C /* Resources */,
				273994101BE54FC800E4399C /* Models */,
				273994111BE54FC800E4399C /* ViewModels */,
				276C7FCC1BC204EE0028DC0D /* Info.plist */,
			);
			path = HammerTests;
			sourceTree = "<group>";
		};
		276C7FD41BC204EF0028DC0D /* HammerUITests */ = {
			isa = PBXGroup;
			children = (
				276C7FD51BC204EF0028DC0D /* HammerUITests.swift */,
				276C7FD71BC204EF0028DC0D /* Info.plist */,
			);
			path = HammerUITests;
			sourceTree = "<group>";
		};
		276C7FF11BC2092E0028DC0D /* Classes */ = {
			isa = PBXGroup;
			children = (
				27BAA1AC1BCCCBCC00EAE554 /* TableViews */,
				2719DA2E1BCC847100BD02AD /* Utils */,
				27D689AE1BC8596000701F4B /* Service */,
				27197E131BC239B500525F33 /* Objective-C */,
				27C75CB11BC23303008AC322 /* Helpers */,
				276C7FFC1BC211120028DC0D /* Cells */,
				276C7FF21BC2092E0028DC0D /* Models */,
				276C7FF31BC2092E0028DC0D /* ViewControllers */,
				276C7FF51BC2092E0028DC0D /* ViewModels */,
			);
			path = Classes;
			sourceTree = "<group>";
		};
		276C7FF21BC2092E0028DC0D /* Models */ = {
			isa = PBXGroup;
			children = (
				27C75CAD1BC21CC0008AC322 /* Gif.swift */,
				278983BE1BC6234C004C1FAA /* Tag.swift */,
			);
			path = Models;
			sourceTree = "<group>";
		};
		276C7FF31BC2092E0028DC0D /* ViewControllers */ = {
			isa = PBXGroup;
			children = (
				276C7FF81BC2097A0028DC0D /* HomeViewController.swift */,
				27C75CAF1BC22E1B008AC322 /* DisplayViewController.swift */,
			);
			path = ViewControllers;
			sourceTree = "<group>";
		};
		276C7FF51BC2092E0028DC0D /* ViewModels */ = {
			isa = PBXGroup;
			children = (
				2719DA281BCC7B6A00BD02AD /* HomeViewModel.swift */,
				278333291BDBE1FA00F4786E /* DisplayViewModel.swift */,
			);
			path = ViewModels;
			sourceTree = "<group>";
		};
		276C7FFC1BC211120028DC0D /* Cells */ = {
			isa = PBXGroup;
			children = (
				276C7FFD1BC2116F0028DC0D /* ImageCell.swift */,
			);
			path = Cells;
			sourceTree = "<group>";
		};
		278CA0191BCDAA87000904D7 /* Application */ = {
			isa = PBXGroup;
			children = (
				276C7FB21BC204EE0028DC0D /* AppDelegate.swift */,
			);
			name = Application;
			sourceTree = "<group>";
		};
		27BAA1AC1BCCCBCC00EAE554 /* TableViews */ = {
			isa = PBXGroup;
			children = (
				2711AE3C1BDB2AFB000C47B2 /* CollectionViewLayout.swift */,
			);
			path = TableViews;
			sourceTree = "<group>";
		};
		27C75CB11BC23303008AC322 /* Helpers */ = {
			isa = PBXGroup;
			children = (
			);
			name = Helpers;
			sourceTree = "<group>";
		};
		27D689AE1BC8596000701F4B /* Service */ = {
			isa = PBXGroup;
			children = (
				2719DA2B1BCC7F3A00BD02AD /* TagService.swift */,
				278CA0161BCDA9CE000904D7 /* GifService.swift */,
				278CA01D1BCDB09E000904D7 /* ServiceConfig.swift */,
			);
			path = Service;
			sourceTree = "<group>";
		};
		71F7D88780EDD987612499BA /* Frameworks */ = {
			isa = PBXGroup;
			children = (
				273994271BE5560900E4399C /* Foundation.framework */,
				273994251BE555C600E4399C /* UIKit.framework */,
				2739941C1BE553B900E4399C /* Pods_Hammer.framework */,
				273411001BC8515400674FC7 /* Result.framework */,
				272958011BC846C000D5BFC6 /* Box.framework */,
				272957FD1BC843A500D5BFC6 /* ReactiveCocoa.framework */,
				F588B3F15172A45489803A8E /* Pods_Hammer.framework */,
				908BDBAEAF2106D88927E9A6 /* Pods.framework */,
			);
			name = Frameworks;
			sourceTree = "<group>";
		};
		FC9272D4C02643D90CB707C2 /* Pods */ = {
			isa = PBXGroup;
			children = (
				57E0D0BB6577F1CE7A1D237C /* Pods-Hammer.debug.xcconfig */,
				59DC8D6AF48616A7006723F2 /* Pods-Hammer.release.xcconfig */,
			);
			name = Pods;
			sourceTree = "<group>";
		};
/* End PBXGroup section */

/* Begin PBXNativeTarget section */
		276C7FAE1BC204EE0028DC0D /* Hammer */ = {
			isa = PBXNativeTarget;
			buildConfigurationList = 276C7FDA1BC204EF0028DC0D /* Build configuration list for PBXNativeTarget "Hammer" */;
			buildPhases = (
				9445D263B209735C9330720C /* Check Pods Manifest.lock */,
				276C7FAB1BC204EE0028DC0D /* Sources */,
				276C7FAC1BC204EE0028DC0D /* Frameworks */,
				276C7FAD1BC204EE0028DC0D /* Resources */,
				A3172D6F50D1659039999632 /* Embed Pods Frameworks */,
				34DBD584D3C4EE7B37C4DA80 /* Copy Pods Resources */,
				272958001BC8458900D5BFC6 /* ShellScript */,
				2719DA321BCC9CF100BD02AD /* CopyFiles */,
				27CE4A851BE6892700B62D64 /* ShellScript */,
			);
			buildRules = (
			);
			dependencies = (
			);
			name = Hammer;
			productName = Hammer;
			productReference = 276C7FAF1BC204EE0028DC0D /* Hammer.app */;
			productType = "com.apple.product-type.application";
		};
		276C7FC51BC204EE0028DC0D /* HammerTests */ = {
			isa = PBXNativeTarget;
			buildConfigurationList = 276C7FDD1BC204EF0028DC0D /* Build configuration list for PBXNativeTarget "HammerTests" */;
			buildPhases = (
				276C7FC21BC204EE0028DC0D /* Sources */,
				276C7FC31BC204EE0028DC0D /* Frameworks */,
				276C7FC41BC204EE0028DC0D /* Resources */,
			);
			buildRules = (
			);
			dependencies = (
				276C7FC81BC204EE0028DC0D /* PBXTargetDependency */,
			);
			name = HammerTests;
			productName = HammerTests;
			productReference = 276C7FC61BC204EE0028DC0D /* HammerTests.xctest */;
			productType = "com.apple.product-type.bundle.unit-test";
		};
		276C7FD01BC204EF0028DC0D /* HammerUITests */ = {
			isa = PBXNativeTarget;
			buildConfigurationList = 276C7FE01BC204EF0028DC0D /* Build configuration list for PBXNativeTarget "HammerUITests" */;
			buildPhases = (
				276C7FCD1BC204EF0028DC0D /* Sources */,
				276C7FCE1BC204EF0028DC0D /* Frameworks */,
				276C7FCF1BC204EF0028DC0D /* Resources */,
			);
			buildRules = (
			);
			dependencies = (
				276C7FD31BC204EF0028DC0D /* PBXTargetDependency */,
			);
			name = HammerUITests;
			productName = HammerUITests;
			productReference = 276C7FD11BC204EF0028DC0D /* HammerUITests.xctest */;
			productType = "com.apple.product-type.bundle.ui-testing";
		};
/* End PBXNativeTarget section */

/* Begin PBXProject section */
		276C7FA71BC204EE0028DC0D /* Project object */ = {
			isa = PBXProject;
			attributes = {
				LastSwiftUpdateCheck = 0700;
				LastUpgradeCheck = 0700;
				ORGANIZATIONNAME = FlyingDinosaurs;
				TargetAttributes = {
					276C7FAE1BC204EE0028DC0D = {
						CreatedOnToolsVersion = 7.0.1;
						DevelopmentTeam = N9TVD38558;
					};
					276C7FC51BC204EE0028DC0D = {
						CreatedOnToolsVersion = 7.0.1;
						TestTargetID = 276C7FAE1BC204EE0028DC0D;
					};
					276C7FD01BC204EF0028DC0D = {
						CreatedOnToolsVersion = 7.0.1;
						TestTargetID = 276C7FAE1BC204EE0028DC0D;
					};
				};
			};
			buildConfigurationList = 276C7FAA1BC204EE0028DC0D /* Build configuration list for PBXProject "Hammer" */;
			compatibilityVersion = "Xcode 3.2";
			developmentRegion = English;
			hasScannedForEncodings = 0;
			knownRegions = (
				en,
				Base,
			);
			mainGroup = 276C7FA61BC204EE0028DC0D;
			productRefGroup = 276C7FB01BC204EE0028DC0D /* Products */;
			projectDirPath = "";
			projectRoot = "";
			targets = (
				276C7FAE1BC204EE0028DC0D /* Hammer */,
				276C7FC51BC204EE0028DC0D /* HammerTests */,
				276C7FD01BC204EF0028DC0D /* HammerUITests */,
			);
		};
/* End PBXProject section */

/* Begin PBXResourcesBuildPhase section */
		276C7FAD1BC204EE0028DC0D /* Resources */ = {
			isa = PBXResourcesBuildPhase;
			buildActionMask = 2147483647;
			files = (
				276C7FC01BC204EE0028DC0D /* LaunchScreen.storyboard in Resources */,
				276C7FBD1BC204EE0028DC0D /* Assets.xcassets in Resources */,
				276C7FB81BC204EE0028DC0D /* Main.storyboard in Resources */,
			);
			runOnlyForDeploymentPostprocessing = 0;
		};
		276C7FC41BC204EE0028DC0D /* Resources */ = {
			isa = PBXResourcesBuildPhase;
			buildActionMask = 2147483647;
			files = (
				273E6CED1BE57A1F00FF55D5 /* tags.json in Resources */,
				273994181BE550E700E4399C /* gifs.json in Resources */,
			);
			runOnlyForDeploymentPostprocessing = 0;
		};
		276C7FCF1BC204EF0028DC0D /* Resources */ = {
			isa = PBXResourcesBuildPhase;
			buildActionMask = 2147483647;
			files = (
			);
			runOnlyForDeploymentPostprocessing = 0;
		};
/* End PBXResourcesBuildPhase section */

/* Begin PBXShellScriptBuildPhase section */
		272958001BC8458900D5BFC6 /* ShellScript */ = {
			isa = PBXShellScriptBuildPhase;
			buildActionMask = 2147483647;
			files = (
			);
			inputPaths = (
				"$(SRCROOT)/Carthage/Build/iOS/Result.framework",
				"$(SRCROOT)/Carthage/Build/iOS/ReactiveCocoa.framework",
			);
			outputPaths = (
			);
			runOnlyForDeploymentPostprocessing = 0;
			shellPath = /bin/sh;
			shellScript = "/usr/local/bin/carthage copy-frameworks --copy-bcsymbolmaps";
		};
		27CE4A851BE6892700B62D64 /* ShellScript */ = {
			isa = PBXShellScriptBuildPhase;
			buildActionMask = 2147483647;
			files = (
			);
			inputPaths = (
			);
			outputPaths = (
			);
			runOnlyForDeploymentPostprocessing = 0;
			shellPath = /bin/sh;
			shellScript = "\"${PODS_ROOT}/Fabric/Fabric.framework/run\" b0a759f1abeb8628534dc5eb8f88bf5abd8bf30f 5f3711b839efb38bdede354c06b7a2dd09e080cb878ee43422f36ce3a7fae6db";
		};
		34DBD584D3C4EE7B37C4DA80 /* Copy Pods Resources */ = {
			isa = PBXShellScriptBuildPhase;
			buildActionMask = 2147483647;
			files = (
			);
			inputPaths = (
			);
			name = "Copy Pods Resources";
			outputPaths = (
			);
			runOnlyForDeploymentPostprocessing = 0;
			shellPath = /bin/sh;
			shellScript = "\"${SRCROOT}/Pods/Target Support Files/Pods-Hammer/Pods-Hammer-resources.sh\"\n";
			showEnvVarsInLog = 0;
		};
		9445D263B209735C9330720C /* Check Pods Manifest.lock */ = {
			isa = PBXShellScriptBuildPhase;
			buildActionMask = 2147483647;
			files = (
			);
			inputPaths = (
			);
			name = "Check Pods Manifest.lock";
			outputPaths = (
			);
			runOnlyForDeploymentPostprocessing = 0;
			shellPath = /bin/sh;
			shellScript = "diff \"${PODS_ROOT}/../Podfile.lock\" \"${PODS_ROOT}/Manifest.lock\" > /dev/null\nif [[ $? != 0 ]] ; then\n    cat << EOM\nerror: The sandbox is not in sync with the Podfile.lock. Run 'pod install' or update your CocoaPods installation.\nEOM\n    exit 1\nfi\n";
			showEnvVarsInLog = 0;
		};
		A3172D6F50D1659039999632 /* Embed Pods Frameworks */ = {
			isa = PBXShellScriptBuildPhase;
			buildActionMask = 2147483647;
			files = (
			);
			inputPaths = (
			);
			name = "Embed Pods Frameworks";
			outputPaths = (
			);
			runOnlyForDeploymentPostprocessing = 0;
			shellPath = /bin/sh;
			shellScript = "\"${SRCROOT}/Pods/Target Support Files/Pods-Hammer/Pods-Hammer-frameworks.sh\"\n";
			showEnvVarsInLog = 0;
		};
/* End PBXShellScriptBuildPhase section */

/* Begin PBXSourcesBuildPhase section */
		276C7FAB1BC204EE0028DC0D /* Sources */ = {
			isa = PBXSourcesBuildPhase;
			buildActionMask = 2147483647;
			files = (
				278983BF1BC6234C004C1FAA /* Tag.swift in Sources */,
				278CA01E1BCDB09E000904D7 /* ServiceConfig.swift in Sources */,
				27197E181BC239DC00525F33 /* UIImage+animatedGIF.m in Sources */,
				278CA0171BCDA9CE000904D7 /* GifService.swift in Sources */,
				27C75CB01BC22E1B008AC322 /* DisplayViewController.swift in Sources */,
				2719DA291BCC7B6A00BD02AD /* HomeViewModel.swift in Sources */,
				276C7FFE1BC2116F0028DC0D /* ImageCell.swift in Sources */,
				27BAA1A91BCCC97900EAE554 /* RAC.swift in Sources */,
				2719DA2C1BCC7F3A00BD02AD /* TagService.swift in Sources */,
				276C7FB31BC204EE0028DC0D /* AppDelegate.swift in Sources */,
				2783332A1BDBE1FA00F4786E /* DisplayViewModel.swift in Sources */,
				2711AE3D1BDB2AFB000C47B2 /* CollectionViewLayout.swift in Sources */,
				276C7FF91BC2097A0028DC0D /* HomeViewController.swift in Sources */,
				274C1EA41BE5DCFA007B1D8A /* AppFont.swift in Sources */,
				2719DA301BCC848500BD02AD /* UIKitExtensions.swift in Sources */,
				27C75CAE1BC21CC0008AC322 /* Gif.swift in Sources */,
				27D16A441BDC1A55000B75B2 /* LoadingAnimation.swift in Sources */,
			);
			runOnlyForDeploymentPostprocessing = 0;
		};
		276C7FC21BC204EE0028DC0D /* Sources */ = {
			isa = PBXSourcesBuildPhase;
			buildActionMask = 2147483647;
			files = (
				273994241BE5550D00E4399C /* DisplayViewController.swift in Sources */,
				2719DA2A1BCC7B6A00BD02AD /* HomeViewModel.swift in Sources */,
				274C1EA51BE5DCFA007B1D8A /* AppFont.swift in Sources */,
				278983C01BC6234C004C1FAA /* Tag.swift in Sources */,
				27BAA1AA1BCCC97900EAE554 /* RAC.swift in Sources */,
				276C7FFA1BC2097A0028DC0D /* HomeViewController.swift in Sources */,
				2719DA2D1BCC7F3A00BD02AD /* TagService.swift in Sources */,
				2711AE3E1BDB2AFB000C47B2 /* CollectionViewLayout.swift in Sources */,
				2783332B1BDBE1FA00F4786E /* DisplayViewModel.swift in Sources */,
				2719DA311BCC848500BD02AD /* UIKitExtensions.swift in Sources */,
				273994201BE554C600E4399C /* Gif.swift in Sources */,
				278CA01F1BCDB09E000904D7 /* ServiceConfig.swift in Sources */,
				278CA0181BCDA9CE000904D7 /* GifService.swift in Sources */,
				27D16A451BDC1A55000B75B2 /* LoadingAnimation.swift in Sources */,
				2739941B1BE5521300E4399C /* TestingHelper.swift in Sources */,
				273994151BE54FFC00E4399C /* TagTest.swift in Sources */,
				273994131BE54FEF00E4399C /* GifTest.swift in Sources */,
				276C7FFF1BC2116F0028DC0D /* ImageCell.swift in Sources */,
			);
			runOnlyForDeploymentPostprocessing = 0;
		};
		276C7FCD1BC204EF0028DC0D /* Sources */ = {
			isa = PBXSourcesBuildPhase;
			buildActionMask = 2147483647;
			files = (
				276C7FD61BC204EF0028DC0D /* HammerUITests.swift in Sources */,
			);
			runOnlyForDeploymentPostprocessing = 0;
		};
/* End PBXSourcesBuildPhase section */

/* Begin PBXTargetDependency section */
		276C7FC81BC204EE0028DC0D /* PBXTargetDependency */ = {
			isa = PBXTargetDependency;
			target = 276C7FAE1BC204EE0028DC0D /* Hammer */;
			targetProxy = 276C7FC71BC204EE0028DC0D /* PBXContainerItemProxy */;
		};
		276C7FD31BC204EF0028DC0D /* PBXTargetDependency */ = {
			isa = PBXTargetDependency;
			target = 276C7FAE1BC204EE0028DC0D /* Hammer */;
			targetProxy = 276C7FD21BC204EF0028DC0D /* PBXContainerItemProxy */;
		};
/* End PBXTargetDependency section */

/* Begin PBXVariantGroup section */
		276C7FB61BC204EE0028DC0D /* Main.storyboard */ = {
			isa = PBXVariantGroup;
			children = (
				276C7FB71BC204EE0028DC0D /* Base */,
			);
			name = Main.storyboard;
			sourceTree = "<group>";
		};
		276C7FBE1BC204EE0028DC0D /* LaunchScreen.storyboard */ = {
			isa = PBXVariantGroup;
			children = (
				276C7FBF1BC204EE0028DC0D /* Base */,
			);
			name = LaunchScreen.storyboard;
			sourceTree = "<group>";
		};
/* End PBXVariantGroup section */

/* Begin XCBuildConfiguration section */
		276C7FD81BC204EF0028DC0D /* Debug */ = {
			isa = XCBuildConfiguration;
			buildSettings = {
				ALWAYS_SEARCH_USER_PATHS = NO;
				CLANG_CXX_LANGUAGE_STANDARD = "gnu++0x";
				CLANG_CXX_LIBRARY = "libc++";
				CLANG_ENABLE_MODULES = YES;
				CLANG_ENABLE_OBJC_ARC = YES;
				CLANG_WARN_BOOL_CONVERSION = YES;
				CLANG_WARN_CONSTANT_CONVERSION = YES;
				CLANG_WARN_DIRECT_OBJC_ISA_USAGE = YES_ERROR;
				CLANG_WARN_EMPTY_BODY = YES;
				CLANG_WARN_ENUM_CONVERSION = YES;
				CLANG_WARN_INT_CONVERSION = YES;
				CLANG_WARN_OBJC_ROOT_CLASS = YES_ERROR;
				CLANG_WARN_UNREACHABLE_CODE = YES;
				CLANG_WARN__DUPLICATE_METHOD_MATCH = YES;
				"CODE_SIGN_IDENTITY[sdk=iphoneos*]" = "iPhone Developer";
				COPY_PHASE_STRIP = NO;
				DEBUG_INFORMATION_FORMAT = dwarf;
				ENABLE_STRICT_OBJC_MSGSEND = YES;
				ENABLE_TESTABILITY = YES;
				GCC_C_LANGUAGE_STANDARD = gnu99;
				GCC_DYNAMIC_NO_PIC = NO;
				GCC_NO_COMMON_BLOCKS = YES;
				GCC_OPTIMIZATION_LEVEL = 0;
				GCC_PREPROCESSOR_DEFINITIONS = (
					"DEBUG=1",
					"$(inherited)",
				);
				GCC_WARN_64_TO_32_BIT_CONVERSION = YES;
				GCC_WARN_ABOUT_RETURN_TYPE = YES_ERROR;
				GCC_WARN_UNDECLARED_SELECTOR = YES;
				GCC_WARN_UNINITIALIZED_AUTOS = YES_AGGRESSIVE;
				GCC_WARN_UNUSED_FUNCTION = YES;
				GCC_WARN_UNUSED_VARIABLE = YES;
				IPHONEOS_DEPLOYMENT_TARGET = 9.0;
				MTL_ENABLE_DEBUG_INFO = YES;
				ONLY_ACTIVE_ARCH = YES;
				SDKROOT = iphoneos;
				SWIFT_OPTIMIZATION_LEVEL = "-Onone";
				TARGETED_DEVICE_FAMILY = "1,2";
			};
			name = Debug;
		};
		276C7FD91BC204EF0028DC0D /* Release */ = {
			isa = XCBuildConfiguration;
			buildSettings = {
				ALWAYS_SEARCH_USER_PATHS = NO;
				CLANG_CXX_LANGUAGE_STANDARD = "gnu++0x";
				CLANG_CXX_LIBRARY = "libc++";
				CLANG_ENABLE_MODULES = YES;
				CLANG_ENABLE_OBJC_ARC = YES;
				CLANG_WARN_BOOL_CONVERSION = YES;
				CLANG_WARN_CONSTANT_CONVERSION = YES;
				CLANG_WARN_DIRECT_OBJC_ISA_USAGE = YES_ERROR;
				CLANG_WARN_EMPTY_BODY = YES;
				CLANG_WARN_ENUM_CONVERSION = YES;
				CLANG_WARN_INT_CONVERSION = YES;
				CLANG_WARN_OBJC_ROOT_CLASS = YES_ERROR;
				CLANG_WARN_UNREACHABLE_CODE = YES;
				CLANG_WARN__DUPLICATE_METHOD_MATCH = YES;
				"CODE_SIGN_IDENTITY[sdk=iphoneos*]" = "iPhone Developer";
				COPY_PHASE_STRIP = NO;
				DEBUG_INFORMATION_FORMAT = "dwarf-with-dsym";
				ENABLE_NS_ASSERTIONS = NO;
				ENABLE_STRICT_OBJC_MSGSEND = YES;
				GCC_C_LANGUAGE_STANDARD = gnu99;
				GCC_NO_COMMON_BLOCKS = YES;
				GCC_WARN_64_TO_32_BIT_CONVERSION = YES;
				GCC_WARN_ABOUT_RETURN_TYPE = YES_ERROR;
				GCC_WARN_UNDECLARED_SELECTOR = YES;
				GCC_WARN_UNINITIALIZED_AUTOS = YES_AGGRESSIVE;
				GCC_WARN_UNUSED_FUNCTION = YES;
				GCC_WARN_UNUSED_VARIABLE = YES;
				IPHONEOS_DEPLOYMENT_TARGET = 9.0;
				MTL_ENABLE_DEBUG_INFO = NO;
				SDKROOT = iphoneos;
				TARGETED_DEVICE_FAMILY = "1,2";
				VALIDATE_PRODUCT = YES;
			};
			name = Release;
		};
		276C7FDB1BC204EF0028DC0D /* Debug */ = {
			isa = XCBuildConfiguration;
			baseConfigurationReference = 57E0D0BB6577F1CE7A1D237C /* Pods-Hammer.debug.xcconfig */;
			buildSettings = {
				ASSETCATALOG_COMPILER_APPICON_NAME = AppIcon;
				CLANG_ENABLE_MODULES = YES;
				CLANG_ENABLE_MODULE_DEBUGGING = NO;
				CODE_SIGN_IDENTITY = "iPhone Developer";
				"CODE_SIGN_IDENTITY[sdk=iphoneos*]" = "iPhone Developer";
				DEBUG_INFORMATION_FORMAT = "dwarf-with-dsym";
				FRAMEWORK_SEARCH_PATHS = (
					"$(inherited)",
					"$(PROJECT_DIR)/Carthage/Build/iOS",
					"$(PROJECT_DIR)/Hammer",
				);
				INFOPLIST_FILE = Hammer/Info.plist;
				IPHONEOS_DEPLOYMENT_TARGET = 8.4;
				LD_RUNPATH_SEARCH_PATHS = "$(inherited) @executable_path/Frameworks";
				OTHER_LDFLAGS = (
					"$(inherited)",
					"-framework",
					"\"Alamofire\"",
					"-framework",
					"\"ChameleonFramework\"",
					"-framework",
					"\"NVActivityIndicatorView\"",
					"-framework",
					"\"SwiftyJSON\"",
				);
				PRODUCT_BUNDLE_IDENTIFIER = com.flyingdinos.Hammer;
				PRODUCT_NAME = "$(TARGET_NAME)";
				PROVISIONING_PROFILE = "";
				SWIFT_OBJC_BRIDGING_HEADER = "Hammer/Classes/Objective-C/Hammer-Bridging-Header.h";
				SWIFT_OPTIMIZATION_LEVEL = "-Onone";
			};
			name = Debug;
		};
		276C7FDC1BC204EF0028DC0D /* Release */ = {
			isa = XCBuildConfiguration;
			baseConfigurationReference = 59DC8D6AF48616A7006723F2 /* Pods-Hammer.release.xcconfig */;
			buildSettings = {
				ASSETCATALOG_COMPILER_APPICON_NAME = AppIcon;
				CLANG_ENABLE_MODULES = YES;
				CLANG_ENABLE_MODULE_DEBUGGING = NO;
				CODE_SIGN_IDENTITY = "iPhone Distribution";
				"CODE_SIGN_IDENTITY[sdk=iphoneos*]" = "iPhone Distribution";
				FRAMEWORK_SEARCH_PATHS = (
					"$(inherited)",
					"$(PROJECT_DIR)/Carthage/Build/iOS",
					"$(PROJECT_DIR)/Hammer",
				);
				INFOPLIST_FILE = Hammer/Info.plist;
				IPHONEOS_DEPLOYMENT_TARGET = 8.4;
				LD_RUNPATH_SEARCH_PATHS = "$(inherited) @executable_path/Frameworks";
				OTHER_LDFLAGS = (
					"$(inherited)",
					"-framework",
					"\"Alamofire\"",
					"-framework",
					"\"ChameleonFramework\"",
					"-framework",
					"\"NVActivityIndicatorView\"",
					"-framework",
					"\"SwiftyJSON\"",
				);
				PRODUCT_BUNDLE_IDENTIFIER = com.flyingdinos.Hammer;
				PRODUCT_NAME = "$(TARGET_NAME)";
				PROVISIONING_PROFILE = "";
				SWIFT_OBJC_BRIDGING_HEADER = "Hammer/Classes/Objective-C/Hammer-Bridging-Header.h";
			};
			name = Release;
		};
		276C7FDE1BC204EF0028DC0D /* Debug */ = {
			isa = XCBuildConfiguration;
			buildSettings = {
				BUNDLE_LOADER = "$(TEST_HOST)";
				FRAMEWORK_SEARCH_PATHS = (
					"$(inherited)",
					"$(PROJECT_DIR)/build/Debug-iphoneos",
					"$(PROJECT_DIR)/Carthage/Build/iOS",
				);
				INFOPLIST_FILE = HammerTests/Info.plist;
				LD_RUNPATH_SEARCH_PATHS = "$(inherited) @executable_path/Frameworks @loader_path/Frameworks";
				PRODUCT_BUNDLE_IDENTIFIER = com.flyingdinos.HammerTests;
				PRODUCT_NAME = "$(TARGET_NAME)";
				SWIFT_OBJC_BRIDGING_HEADER = "Hammer/Classes/Objective-C/Hammer-Bridging-Header.h";
				TEST_HOST = "$(BUILT_PRODUCTS_DIR)/Hammer.app/Hammer";
			};
			name = Debug;
		};
		276C7FDF1BC204EF0028DC0D /* Release */ = {
			isa = XCBuildConfiguration;
			buildSettings = {
				BUNDLE_LOADER = "$(TEST_HOST)";
				FRAMEWORK_SEARCH_PATHS = (
					"$(inherited)",
					"$(PROJECT_DIR)/build/Debug-iphoneos",
					"$(PROJECT_DIR)/Carthage/Build/iOS",
				);
				INFOPLIST_FILE = HammerTests/Info.plist;
				LD_RUNPATH_SEARCH_PATHS = "$(inherited) @executable_path/Frameworks @loader_path/Frameworks";
				PRODUCT_BUNDLE_IDENTIFIER = com.flyingdinos.HammerTests;
				PRODUCT_NAME = "$(TARGET_NAME)";
				SWIFT_OBJC_BRIDGING_HEADER = "Hammer/Classes/Objective-C/Hammer-Bridging-Header.h";
				TEST_HOST = "$(BUILT_PRODUCTS_DIR)/Hammer.app/Hammer";
			};
			name = Release;
		};
		276C7FE11BC204EF0028DC0D /* Debug */ = {
			isa = XCBuildConfiguration;
			buildSettings = {
				INFOPLIST_FILE = HammerUITests/Info.plist;
				LD_RUNPATH_SEARCH_PATHS = "$(inherited) @executable_path/Frameworks @loader_path/Frameworks";
				PRODUCT_BUNDLE_IDENTIFIER = com.flyingdinos.HammerUITests;
				PRODUCT_NAME = "$(TARGET_NAME)";
				TEST_TARGET_NAME = Hammer;
				USES_XCTRUNNER = YES;
			};
			name = Debug;
		};
		276C7FE21BC204EF0028DC0D /* Release */ = {
			isa = XCBuildConfiguration;
			buildSettings = {
				INFOPLIST_FILE = HammerUITests/Info.plist;
				LD_RUNPATH_SEARCH_PATHS = "$(inherited) @executable_path/Frameworks @loader_path/Frameworks";
				PRODUCT_BUNDLE_IDENTIFIER = com.flyingdinos.HammerUITests;
				PRODUCT_NAME = "$(TARGET_NAME)";
				TEST_TARGET_NAME = Hammer;
				USES_XCTRUNNER = YES;
			};
			name = Release;
		};
/* End XCBuildConfiguration section */

/* Begin XCConfigurationList section */
		276C7FAA1BC204EE0028DC0D /* Build configuration list for PBXProject "Hammer" */ = {
			isa = XCConfigurationList;
			buildConfigurations = (
				276C7FD81BC204EF0028DC0D /* Debug */,
				276C7FD91BC204EF0028DC0D /* Release */,
			);
			defaultConfigurationIsVisible = 0;
			defaultConfigurationName = Release;
		};
		276C7FDA1BC204EF0028DC0D /* Build configuration list for PBXNativeTarget "Hammer" */ = {
			isa = XCConfigurationList;
			buildConfigurations = (
				276C7FDB1BC204EF0028DC0D /* Debug */,
				276C7FDC1BC204EF0028DC0D /* Release */,
			);
			defaultConfigurationIsVisible = 0;
			defaultConfigurationName = Release;
		};
		276C7FDD1BC204EF0028DC0D /* Build configuration list for PBXNativeTarget "HammerTests" */ = {
			isa = XCConfigurationList;
			buildConfigurations = (
				276C7FDE1BC204EF0028DC0D /* Debug */,
				276C7FDF1BC204EF0028DC0D /* Release */,
			);
			defaultConfigurationIsVisible = 0;
			defaultConfigurationName = Release;
		};
		276C7FE01BC204EF0028DC0D /* Build configuration list for PBXNativeTarget "HammerUITests" */ = {
			isa = XCConfigurationList;
			buildConfigurations = (
				276C7FE11BC204EF0028DC0D /* Debug */,
				276C7FE21BC204EF0028DC0D /* Release */,
			);
			defaultConfigurationIsVisible = 0;
			defaultConfigurationName = Release;
		};
/* End XCConfigurationList section */
	};
	rootObject = 276C7FA71BC204EE0028DC0D /* Project object */;
}
